// !$*UTF8*$!
{
	archiveVersion = 1;
	classes = {
	};
	objectVersion = 55;
	objects = {

/* Begin PBXBuildFile section */
		B44BBDA628681D080005BFEB /* Twitter_CloneApp.swift in Sources */ = {isa = PBXBuildFile; fileRef = B44BBDA528681D080005BFEB /* Twitter_CloneApp.swift */; };
		B44BBDA828681D080005BFEB /* ContentView.swift in Sources */ = {isa = PBXBuildFile; fileRef = B44BBDA728681D080005BFEB /* ContentView.swift */; };
		B44BBDAA28681D090005BFEB /* Assets.xcassets in Resources */ = {isa = PBXBuildFile; fileRef = B44BBDA928681D090005BFEB /* Assets.xcassets */; };
		B44BBDAD28681D090005BFEB /* Preview Assets.xcassets in Resources */ = {isa = PBXBuildFile; fileRef = B44BBDAC28681D090005BFEB /* Preview Assets.xcassets */; };
		B44BBDC028681DEF0005BFEB /* FeedView.swift in Sources */ = {isa = PBXBuildFile; fileRef = B44BBDBF28681DEF0005BFEB /* FeedView.swift */; };
		B44BBDC32868259F0005BFEB /* TweetsRowView.swift in Sources */ = {isa = PBXBuildFile; fileRef = B44BBDC22868259F0005BFEB /* TweetsRowView.swift */; };
		B4C3E6D9286AC11E008B525A /* MainTabView.swift in Sources */ = {isa = PBXBuildFile; fileRef = B4C3E6D8286AC11E008B525A /* MainTabView.swift */; };
		B4C3E6E0286AC36B008B525A /* ExploreView.swift in Sources */ = {isa = PBXBuildFile; fileRef = B4C3E6DF286AC36B008B525A /* ExploreView.swift */; };
		B4C3E6E2286ACEF8008B525A /* NotificationsView.swift in Sources */ = {isa = PBXBuildFile; fileRef = B4C3E6E1286ACEF8008B525A /* NotificationsView.swift */; };
		B4C3E6E4286ACF24008B525A /* MessagesView.swift in Sources */ = {isa = PBXBuildFile; fileRef = B4C3E6E3286ACF24008B525A /* MessagesView.swift */; };
		B4C3E6E8286AEAFC008B525A /* ProfileView.swift in Sources */ = {isa = PBXBuildFile; fileRef = B4C3E6E7286AEAFC008B525A /* ProfileView.swift */; };
		B4C3E6EA286B02DA008B525A /* TweetFilterViewModel.swift in Sources */ = {isa = PBXBuildFile; fileRef = B4C3E6E9286B02DA008B525A /* TweetFilterViewModel.swift */; };
/* End PBXBuildFile section */

/* Begin PBXFileReference section */
		B44BBDA228681D080005BFEB /* Twitter Clone.app */ = {isa = PBXFileReference; explicitFileType = wrapper.application; includeInIndex = 0; path = "Twitter Clone.app"; sourceTree = BUILT_PRODUCTS_DIR; };
		B44BBDA528681D080005BFEB /* Twitter_CloneApp.swift */ = {isa = PBXFileReference; lastKnownFileType = sourcecode.swift; path = Twitter_CloneApp.swift; sourceTree = "<group>"; };
		B44BBDA728681D080005BFEB /* ContentView.swift */ = {isa = PBXFileReference; lastKnownFileType = sourcecode.swift; path = ContentView.swift; sourceTree = "<group>"; };
		B44BBDA928681D090005BFEB /* Assets.xcassets */ = {isa = PBXFileReference; lastKnownFileType = folder.assetcatalog; path = Assets.xcassets; sourceTree = "<group>"; };
		B44BBDAC28681D090005BFEB /* Preview Assets.xcassets */ = {isa = PBXFileReference; lastKnownFileType = folder.assetcatalog; path = "Preview Assets.xcassets"; sourceTree = "<group>"; };
		B44BBDBF28681DEF0005BFEB /* FeedView.swift */ = {isa = PBXFileReference; lastKnownFileType = sourcecode.swift; path = FeedView.swift; sourceTree = "<group>"; };
		B44BBDC22868259F0005BFEB /* TweetsRowView.swift */ = {isa = PBXFileReference; lastKnownFileType = sourcecode.swift; path = TweetsRowView.swift; sourceTree = "<group>"; };
		B4C3E6D8286AC11E008B525A /* MainTabView.swift */ = {isa = PBXFileReference; lastKnownFileType = sourcecode.swift; path = MainTabView.swift; sourceTree = "<group>"; };
		B4C3E6DF286AC36B008B525A /* ExploreView.swift */ = {isa = PBXFileReference; lastKnownFileType = sourcecode.swift; path = ExploreView.swift; sourceTree = "<group>"; };
		B4C3E6E1286ACEF8008B525A /* NotificationsView.swift */ = {isa = PBXFileReference; lastKnownFileType = sourcecode.swift; path = NotificationsView.swift; sourceTree = "<group>"; };
		B4C3E6E3286ACF24008B525A /* MessagesView.swift */ = {isa = PBXFileReference; lastKnownFileType = sourcecode.swift; path = MessagesView.swift; sourceTree = "<group>"; };
		B4C3E6E7286AEAFC008B525A /* ProfileView.swift */ = {isa = PBXFileReference; lastKnownFileType = sourcecode.swift; path = ProfileView.swift; sourceTree = "<group>"; };
		B4C3E6E9286B02DA008B525A /* TweetFilterViewModel.swift */ = {isa = PBXFileReference; lastKnownFileType = sourcecode.swift; name = TweetFilterViewModel.swift; path = "Twitter Clone/Core/Profile/Views/TweetFilterViewModel.swift"; sourceTree = SOURCE_ROOT; };
/* End PBXFileReference section */

/* Begin PBXFrameworksBuildPhase section */
		B44BBD9F28681D080005BFEB /* Frameworks */ = {
			isa = PBXFrameworksBuildPhase;
			buildActionMask = 2147483647;
			files = (
			);
			runOnlyForDeploymentPostprocessing = 0;
		};
/* End PBXFrameworksBuildPhase section */

/* Begin PBXGroup section */
		B44BBD9928681D080005BFEB = {
			isa = PBXGroup;
			children = (
				B44BBDA428681D080005BFEB /* Twitter Clone */,
				B44BBDA328681D080005BFEB /* Products */,
			);
			sourceTree = "<group>";
		};
		B44BBDA328681D080005BFEB /* Products */ = {
			isa = PBXGroup;
			children = (
				B44BBDA228681D080005BFEB /* Twitter Clone.app */,
			);
			name = Products;
			sourceTree = "<group>";
		};
		B44BBDA428681D080005BFEB /* Twitter Clone */ = {
			isa = PBXGroup;
			children = (
				B44BBDB828681D3C0005BFEB /* Extensions */,
				B44BBDB728681D3A0005BFEB /* Model */,
				B44BBDB428681D2B0005BFEB /* Service */,
				B44BBDB328681D220005BFEB /* Core */,
				B44BBDA528681D080005BFEB /* Twitter_CloneApp.swift */,
				B44BBDA728681D080005BFEB /* ContentView.swift */,
				B44BBDA928681D090005BFEB /* Assets.xcassets */,
				B44BBDAB28681D090005BFEB /* Preview Content */,
			);
			path = "Twitter Clone";
			sourceTree = "<group>";
		};
		B44BBDAB28681D090005BFEB /* Preview Content */ = {
			isa = PBXGroup;
			children = (
				B44BBDAC28681D090005BFEB /* Preview Assets.xcassets */,
			);
			path = "Preview Content";
			sourceTree = "<group>";
		};
		B44BBDB328681D220005BFEB /* Core */ = {
			isa = PBXGroup;
			children = (
				B44BBDB928681D590005BFEB /* Components */,
				B4C3E6DE286AC341008B525A /* Profile */,
				B4C3E6DD286AC317008B525A /* Explore */,
				B4C3E6DC286AC315008B525A /* Notifications */,
				B4C3E6DB286AC305008B525A /* Messages */,
				B4C3E6D7286AC0E9008B525A /* MainTab */,
				B44BBDBA28681D610005BFEB /* Feed */,
			);
			path = Core;
			sourceTree = "<group>";
		};
		B44BBDB428681D2B0005BFEB /* Service */ = {
			isa = PBXGroup;
			children = (
			);
			path = Service;
			sourceTree = "<group>";
		};
		B44BBDB728681D3A0005BFEB /* Model */ = {
			isa = PBXGroup;
			children = (
			);
			path = Model;
			sourceTree = "<group>";
		};
		B44BBDB828681D3C0005BFEB /* Extensions */ = {
			isa = PBXGroup;
			children = (
			);
			path = Extensions;
			sourceTree = "<group>";
		};
		B44BBDB928681D590005BFEB /* Components */ = {
			isa = PBXGroup;
			children = (
				B44BBDC1286825660005BFEB /* Tweets */,
			);
			path = Components;
			sourceTree = "<group>";
		};
		B44BBDBA28681D610005BFEB /* Feed */ = {
			isa = PBXGroup;
			children = (
				B44BBDBE28681DBD0005BFEB /* ViewModel's */,
				B44BBDBB28681DA90005BFEB /* View */,
			);
			path = Feed;
			sourceTree = "<group>";
		};
		B44BBDBB28681DA90005BFEB /* View */ = {
			isa = PBXGroup;
			children = (
				B44BBDBF28681DEF0005BFEB /* FeedView.swift */,
			);
			path = View;
			sourceTree = "<group>";
		};
		B44BBDBE28681DBD0005BFEB /* ViewModel's */ = {
			isa = PBXGroup;
			children = (
			);
			path = "ViewModel's";
			sourceTree = "<group>";
		};
		B44BBDC1286825660005BFEB /* Tweets */ = {
			isa = PBXGroup;
			children = (
				B44BBDC22868259F0005BFEB /* TweetsRowView.swift */,
			);
			path = Tweets;
			sourceTree = "<group>";
		};
		B4C3E6D7286AC0E9008B525A /* MainTab */ = {
			isa = PBXGroup;
			children = (
				B4C3E6D8286AC11E008B525A /* MainTabView.swift */,
			);
			path = MainTab;
			sourceTree = "<group>";
		};
		B4C3E6DB286AC305008B525A /* Messages */ = {
			isa = PBXGroup;
			children = (
				B4C3E6E3286ACF24008B525A /* MessagesView.swift */,
			);
			path = Messages;
			sourceTree = "<group>";
		};
		B4C3E6DC286AC315008B525A /* Notifications */ = {
			isa = PBXGroup;
			children = (
				B4C3E6E1286ACEF8008B525A /* NotificationsView.swift */,
			);
			path = Notifications;
			sourceTree = "<group>";
		};
		B4C3E6DD286AC317008B525A /* Explore */ = {
			isa = PBXGroup;
			children = (
				B4C3E6DF286AC36B008B525A /* ExploreView.swift */,
			);
			path = Explore;
			sourceTree = "<group>";
		};
		B4C3E6DE286AC341008B525A /* Profile */ = {
			isa = PBXGroup;
			children = (
				B4C3E6E6286AEAD0008B525A /* ViewModels */,
				B4C3E6E5286AEAD0008B525A /* Views */,
			);
			path = Profile;
			sourceTree = "<group>";
		};
		B4C3E6E5286AEAD0008B525A /* Views */ = {
			isa = PBXGroup;
			children = (
				B4C3E6E7286AEAFC008B525A /* ProfileView.swift */,
			);
			path = Views;
			sourceTree = "<group>";
		};
		B4C3E6E6286AEAD0008B525A /* ViewModels */ = {
			isa = PBXGroup;
			children = (
				B4C3E6E9286B02DA008B525A /* TweetFilterViewModel.swift */,
			);
			name = ViewModels;
			path = "New Group/ViewModels";
			sourceTree = "<group>";
		};
/* End PBXGroup section */

/* Begin PBXNativeTarget section */
		B44BBDA128681D080005BFEB /* Twitter Clone */ = {
			isa = PBXNativeTarget;
			buildConfigurationList = B44BBDB028681D090005BFEB /* Build configuration list for PBXNativeTarget "Twitter Clone" */;
			buildPhases = (
				B44BBD9E28681D080005BFEB /* Sources */,
				B44BBD9F28681D080005BFEB /* Frameworks */,
				B44BBDA028681D080005BFEB /* Resources */,
			);
			buildRules = (
			);
			dependencies = (
			);
			name = "Twitter Clone";
			productName = "Twitter Clone";
			productReference = B44BBDA228681D080005BFEB /* Twitter Clone.app */;
			productType = "com.apple.product-type.application";
		};
/* End PBXNativeTarget section */

/* Begin PBXProject section */
		B44BBD9A28681D080005BFEB /* Project object */ = {
			isa = PBXProject;
			attributes = {
				BuildIndependentTargetsInParallel = 1;
				LastSwiftUpdateCheck = 1340;
				LastUpgradeCheck = 1340;
				TargetAttributes = {
					B44BBDA128681D080005BFEB = {
						CreatedOnToolsVersion = 13.4.1;
					};
				};
			};
			buildConfigurationList = B44BBD9D28681D080005BFEB /* Build configuration list for PBXProject "Twitter Clone" */;
			compatibilityVersion = "Xcode 13.0";
			developmentRegion = en;
			hasScannedForEncodings = 0;
			knownRegions = (
				en,
				Base,
			);
			mainGroup = B44BBD9928681D080005BFEB;
			productRefGroup = B44BBDA328681D080005BFEB /* Products */;
			projectDirPath = "";
			projectRoot = "";
			targets = (
				B44BBDA128681D080005BFEB /* Twitter Clone */,
			);
		};
/* End PBXProject section */

/* Begin PBXResourcesBuildPhase section */
		B44BBDA028681D080005BFEB /* Resources */ = {
			isa = PBXResourcesBuildPhase;
			buildActionMask = 2147483647;
			files = (
				B44BBDAD28681D090005BFEB /* Preview Assets.xcassets in Resources */,
				B44BBDAA28681D090005BFEB /* Assets.xcassets in Resources */,
			);
			runOnlyForDeploymentPostprocessing = 0;
		};
/* End PBXResourcesBuildPhase section */

/* Begin PBXSourcesBuildPhase section */
		B44BBD9E28681D080005BFEB /* Sources */ = {
			isa = PBXSourcesBuildPhase;
			buildActionMask = 2147483647;
			files = (
				B4C3E6E4286ACF24008B525A /* MessagesView.swift in Sources */,
				B4C3E6E8286AEAFC008B525A /* ProfileView.swift in Sources */,
				B44BBDA828681D080005BFEB /* ContentView.swift in Sources */,
				B44BBDC32868259F0005BFEB /* TweetsRowView.swift in Sources */,
				B4C3E6EA286B02DA008B525A /* TweetFilterViewModel.swift in Sources */,
				B44BBDC028681DEF0005BFEB /* FeedView.swift in Sources */,
				B44BBDA628681D080005BFEB /* Twitter_CloneApp.swift in Sources */,
				B4C3E6E0286AC36B008B525A /* ExploreView.swift in Sources */,
				B4C3E6D9286AC11E008B525A /* MainTabView.swift in Sources */,
				B4C3E6E2286ACEF8008B525A /* NotificationsView.swift in Sources */,
			);
			runOnlyForDeploymentPostprocessing = 0;
		};
/* End PBXSourcesBuildPhase section */

/* Begin XCBuildConfiguration section */
		B44BBDAE28681D090005BFEB /* Debug */ = {
			isa = XCBuildConfiguration;
			buildSettings = {
				ALWAYS_SEARCH_USER_PATHS = NO;
				CLANG_ANALYZER_NONNULL = YES;
				CLANG_ANALYZER_NUMBER_OBJECT_CONVERSION = YES_AGGRESSIVE;
				CLANG_CXX_LANGUAGE_STANDARD = "gnu++17";
				CLANG_ENABLE_MODULES = YES;
				CLANG_ENABLE_OBJC_ARC = YES;
				CLANG_ENABLE_OBJC_WEAK = YES;
				CLANG_WARN_BLOCK_CAPTURE_AUTORELEASING = YES;
				CLANG_WARN_BOOL_CONVERSION = YES;
				CLANG_WARN_COMMA = YES;
				CLANG_WARN_CONSTANT_CONVERSION = YES;
				CLANG_WARN_DEPRECATED_OBJC_IMPLEMENTATIONS = YES;
				CLANG_WARN_DIRECT_OBJC_ISA_USAGE = YES_ERROR;
				CLANG_WARN_DOCUMENTATION_COMMENTS = YES;
				CLANG_WARN_EMPTY_BODY = YES;
				CLANG_WARN_ENUM_CONVERSION = YES;
				CLANG_WARN_INFINITE_RECURSION = YES;
				CLANG_WARN_INT_CONVERSION = YES;
				CLANG_WARN_NON_LITERAL_NULL_CONVERSION = YES;
				CLANG_WARN_OBJC_IMPLICIT_RETAIN_SELF = YES;
				CLANG_WARN_OBJC_LITERAL_CONVERSION = YES;
				CLANG_WARN_OBJC_ROOT_CLASS = YES_ERROR;
				CLANG_WARN_QUOTED_INCLUDE_IN_FRAMEWORK_HEADER = YES;
				CLANG_WARN_RANGE_LOOP_ANALYSIS = YES;
				CLANG_WARN_STRICT_PROTOTYPES = YES;
				CLANG_WARN_SUSPICIOUS_MOVE = YES;
				CLANG_WARN_UNGUARDED_AVAILABILITY = YES_AGGRESSIVE;
				CLANG_WARN_UNREACHABLE_CODE = YES;
				CLANG_WARN__DUPLICATE_METHOD_MATCH = YES;
				COPY_PHASE_STRIP = NO;
				DEBUG_INFORMATION_FORMAT = dwarf;
				ENABLE_STRICT_OBJC_MSGSEND = YES;
				ENABLE_TESTABILITY = YES;
				GCC_C_LANGUAGE_STANDARD = gnu11;
				GCC_DYNAMIC_NO_PIC = NO;
				GCC_NO_COMMON_BLOCKS = YES;
				GCC_OPTIMIZATION_LEVEL = 0;
				GCC_PREPROCESSOR_DEFINITIONS = (
					"DEBUG=1",
					"$(inherited)",
				);
				GCC_WARN_64_TO_32_BIT_CONVERSION = YES;
				GCC_WARN_ABOUT_RETURN_TYPE = YES_ERROR;
				GCC_WARN_UNDECLARED_SELECTOR = YES;
				GCC_WARN_UNINITIALIZED_AUTOS = YES_AGGRESSIVE;
				GCC_WARN_UNUSED_FUNCTION = YES;
				GCC_WARN_UNUSED_VARIABLE = YES;
				IPHONEOS_DEPLOYMENT_TARGET = 15.5;
				MTL_ENABLE_DEBUG_INFO = INCLUDE_SOURCE;
				MTL_FAST_MATH = YES;
				ONLY_ACTIVE_ARCH = YES;
				SDKROOT = iphoneos;
				SWIFT_ACTIVE_COMPILATION_CONDITIONS = DEBUG;
				SWIFT_OPTIMIZATION_LEVEL = "-Onone";
			};
			name = Debug;
		};
		B44BBDAF28681D090005BFEB /* Release */ = {
			isa = XCBuildConfiguration;
			buildSettings = {
				ALWAYS_SEARCH_USER_PATHS = NO;
				CLANG_ANALYZER_NONNULL = YES;
				CLANG_ANALYZER_NUMBER_OBJECT_CONVERSION = YES_AGGRESSIVE;
				CLANG_CXX_LANGUAGE_STANDARD = "gnu++17";
				CLANG_ENABLE_MODULES = YES;
				CLANG_ENABLE_OBJC_ARC = YES;
				CLANG_ENABLE_OBJC_WEAK = YES;
				CLANG_WARN_BLOCK_CAPTURE_AUTORELEASING = YES;
				CLANG_WARN_BOOL_CONVERSION = YES;
				CLANG_WARN_COMMA = YES;
				CLANG_WARN_CONSTANT_CONVERSION = YES;
				CLANG_WARN_DEPRECATED_OBJC_IMPLEMENTATIONS = YES;
				CLANG_WARN_DIRECT_OBJC_ISA_USAGE = YES_ERROR;
				CLANG_WARN_DOCUMENTATION_COMMENTS = YES;
				CLANG_WARN_EMPTY_BODY = YES;
				CLANG_WARN_ENUM_CONVERSION = YES;
				CLANG_WARN_INFINITE_RECURSION = YES;
				CLANG_WARN_INT_CONVERSION = YES;
				CLANG_WARN_NON_LITERAL_NULL_CONVERSION = YES;
				CLANG_WARN_OBJC_IMPLICIT_RETAIN_SELF = YES;
				CLANG_WARN_OBJC_LITERAL_CONVERSION = YES;
				CLANG_WARN_OBJC_ROOT_CLASS = YES_ERROR;
				CLANG_WARN_QUOTED_INCLUDE_IN_FRAMEWORK_HEADER = YES;
				CLANG_WARN_RANGE_LOOP_ANALYSIS = YES;
				CLANG_WARN_STRICT_PROTOTYPES = YES;
				CLANG_WARN_SUSPICIOUS_MOVE = YES;
				CLANG_WARN_UNGUARDED_AVAILABILITY = YES_AGGRESSIVE;
				CLANG_WARN_UNREACHABLE_CODE = YES;
				CLANG_WARN__DUPLICATE_METHOD_MATCH = YES;
				COPY_PHASE_STRIP = NO;
				DEBUG_INFORMATION_FORMAT = "dwarf-with-dsym";
				ENABLE_NS_ASSERTIONS = NO;
				ENABLE_STRICT_OBJC_MSGSEND = YES;
				GCC_C_LANGUAGE_STANDARD = gnu11;
				GCC_NO_COMMON_BLOCKS = YES;
				GCC_WARN_64_TO_32_BIT_CONVERSION = YES;
				GCC_WARN_ABOUT_RETURN_TYPE = YES_ERROR;
				GCC_WARN_UNDECLARED_SELECTOR = YES;
				GCC_WARN_UNINITIALIZED_AUTOS = YES_AGGRESSIVE;
				GCC_WARN_UNUSED_FUNCTION = YES;
				GCC_WARN_UNUSED_VARIABLE = YES;
				IPHONEOS_DEPLOYMENT_TARGET = 15.5;
				MTL_ENABLE_DEBUG_INFO = NO;
				MTL_FAST_MATH = YES;
				SDKROOT = iphoneos;
				SWIFT_COMPILATION_MODE = wholemodule;
				SWIFT_OPTIMIZATION_LEVEL = "-O";
				VALIDATE_PRODUCT = YES;
			};
			name = Release;
		};
		B44BBDB128681D090005BFEB /* Debug */ = {
			isa = XCBuildConfiguration;
			buildSettings = {
				ASSETCATALOG_COMPILER_APPICON_NAME = AppIcon;
				ASSETCATALOG_COMPILER_GLOBAL_ACCENT_COLOR_NAME = AccentColor;
				CODE_SIGN_STYLE = Automatic;
				CURRENT_PROJECT_VERSION = 1;
				DEVELOPMENT_ASSET_PATHS = "\"Twitter Clone/Preview Content\"";
				DEVELOPMENT_TEAM = JXXZU5QJFC;
				ENABLE_PREVIEWS = YES;
				GENERATE_INFOPLIST_FILE = YES;
				INFOPLIST_KEY_UIApplicationSceneManifest_Generation = YES;
				INFOPLIST_KEY_UIApplicationSupportsIndirectInputEvents = YES;
				INFOPLIST_KEY_UILaunchScreen_Generation = YES;
				INFOPLIST_KEY_UISupportedInterfaceOrientations_iPad = "UIInterfaceOrientationPortrait UIInterfaceOrientationPortraitUpsideDown UIInterfaceOrientationLandscapeLeft UIInterfaceOrientationLandscapeRight";
				INFOPLIST_KEY_UISupportedInterfaceOrientations_iPhone = "UIInterfaceOrientationPortrait UIInterfaceOrientationLandscapeLeft UIInterfaceOrientationLandscapeRight";
				LD_RUNPATH_SEARCH_PATHS = (
					"$(inherited)",
					"@executable_path/Frameworks",
				);
				MARKETING_VERSION = 1.0;
				PRODUCT_BUNDLE_IDENTIFIER = "knunu.Twitter-Clone";
				PRODUCT_NAME = "$(TARGET_NAME)";
				SWIFT_EMIT_LOC_STRINGS = YES;
				SWIFT_VERSION = 5.0;
				TARGETED_DEVICE_FAMILY = "1,2";
			};
			name = Debug;
		};
		B44BBDB228681D090005BFEB /* Release */ = {
			isa = XCBuildConfiguration;
			buildSettings = {
				ASSETCATALOG_COMPILER_APPICON_NAME = AppIcon;
				ASSETCATALOG_COMPILER_GLOBAL_ACCENT_COLOR_NAME = AccentColor;
				CODE_SIGN_STYLE = Automatic;
				CURRENT_PROJECT_VERSION = 1;
				DEVELOPMENT_ASSET_PATHS = "\"Twitter Clone/Preview Content\"";
				DEVELOPMENT_TEAM = JXXZU5QJFC;
				ENABLE_PREVIEWS = YES;
				GENERATE_INFOPLIST_FILE = YES;
				INFOPLIST_KEY_UIApplicationSceneManifest_Generation = YES;
				INFOPLIST_KEY_UIApplicationSupportsIndirectInputEvents = YES;
				INFOPLIST_KEY_UILaunchScreen_Generation = YES;
				INFOPLIST_KEY_UISupportedInterfaceOrientations_iPad = "UIInterfaceOrientationPortrait UIInterfaceOrientationPortraitUpsideDown UIInterfaceOrientationLandscapeLeft UIInterfaceOrientationLandscapeRight";
				INFOPLIST_KEY_UISupportedInterfaceOrientations_iPhone = "UIInterfaceOrientationPortrait UIInterfaceOrientationLandscapeLeft UIInterfaceOrientationLandscapeRight";
				LD_RUNPATH_SEARCH_PATHS = (
					"$(inherited)",
					"@executable_path/Frameworks",
				);
				MARKETING_VERSION = 1.0;
				PRODUCT_BUNDLE_IDENTIFIER = "knunu.Twitter-Clone";
				PRODUCT_NAME = "$(TARGET_NAME)";
				SWIFT_EMIT_LOC_STRINGS = YES;
				SWIFT_VERSION = 5.0;
				TARGETED_DEVICE_FAMILY = "1,2";
			};
			name = Release;
		};
/* End XCBuildConfiguration section */

/* Begin XCConfigurationList section */
		B44BBD9D28681D080005BFEB /* Build configuration list for PBXProject "Twitter Clone" */ = {
			isa = XCConfigurationList;
			buildConfigurations = (
				B44BBDAE28681D090005BFEB /* Debug */,
				B44BBDAF28681D090005BFEB /* Release */,
			);
			defaultConfigurationIsVisible = 0;
			defaultConfigurationName = Release;
		};
		B44BBDB028681D090005BFEB /* Build configuration list for PBXNativeTarget "Twitter Clone" */ = {
			isa = XCConfigurationList;
			buildConfigurations = (
				B44BBDB128681D090005BFEB /* Debug */,
				B44BBDB228681D090005BFEB /* Release */,
			);
			defaultConfigurationIsVisible = 0;
			defaultConfigurationName = Release;
		};
/* End XCConfigurationList section */
	};
	rootObject = B44BBD9A28681D080005BFEB /* Project object */;
}
